{
  "name": "@phaserjs/phaser",
  "version": "0.0.0",
  "lockfileVersion": 1,
  "requires": true,
  "dependencies": {
    "@phaserjs/core": {
      "version": "0.0.1",
      "resolved": "https://registry.npmjs.org/@phaserjs/core/-/core-0.0.1.tgz",
      "integrity": "sha512-FJ7SmSEdYUuxcp6YMKR7V7nptZ5uDoiAZp31Xh90thCG2tfC7Y73+/0aZv+VsHwpL7yUk2Irlbl5rUtEOLjaAg=="
    },
    "@phaserjs/device": {
      "version": "0.0.2",
      "resolved": "https://registry.npmjs.org/@phaserjs/device/-/device-0.0.2.tgz",
      "integrity": "sha512-UnjpND3P82hlCoFeFRIr5h2iLVpzhLu0qT3f8pxwAu78penAWvdZy80cb5reRM2ZvIjRXdPVfJN7p14rYV0GFQ=="
    },
    "@phaserjs/dom": {
      "version": "0.0.2",
      "resolved": "https://registry.npmjs.org/@phaserjs/dom/-/dom-0.0.2.tgz",
      "integrity": "sha512-qmpxwsdmzvuPyNGgQwN4DVi5OvDMD6HNSKVCIheo1S1XFPJP7QUlD/BNvglnS/6x1JSwYWDQxcY2svjhuN5vOQ==",
      "requires": {
        "@phaserjs/device": "^0.0.2"
      }
    },
    "@phaserjs/loader": {
      "version": "0.0.4",
      "resolved": "https://registry.npmjs.org/@phaserjs/loader/-/loader-0.0.4.tgz",
      "integrity": "sha512-8RFtTmWQjS0r/mlcZGIKybDy5GdFrGtfkwFtxLvpBDI7vlqUwYrdaBW33Mj5aIKeycucbkYRRgp6g4ZKPeIgWg=="
    },
    "@phaserjs/loader-filetypes": {
      "version": "0.0.4",
      "resolved": "https://registry.npmjs.org/@phaserjs/loader-filetypes/-/loader-filetypes-0.0.4.tgz",
      "integrity": "sha512-Arey+5AedUlnJJtGJhbhmOy2Hb6XYHW+wmXhX68V+y5yuKGyHQqDaGwlYH2dIFUeN+Ac+9wD7LtD+NcZMsIrgg==",
      "requires": {
        "@phaserjs/loader": "^0.0.4"
      }
    },
    "@phaserjs/plugin-loader": {
      "version": "0.0.2",
      "resolved": "https://registry.npmjs.org/@phaserjs/plugin-loader/-/plugin-loader-0.0.2.tgz",
      "integrity": "sha512-A2NCzFcCPsoOL7JbN9dfCudgRJLFTCETfwn6mRn/kEZSv7IkkdSMsPIEsysnZTvruk3Il7fV24NjzuMWAf0wxQ==",
      "requires": {
        "@phaserjs/loader": "^0.0.4",
        "@phaserjs/loader-filetypes": "^0.0.4",
        "typescript": "^3.6.2"
      }
    },
    "typescript": {
      "version": "3.6.2",
      "resolved": "https://registry.npmjs.org/typescript/-/typescript-3.6.2.tgz",
      "integrity": "sha512-lmQ4L+J6mnu3xweP8+rOrUwzmN+MRAj7TgtJtDaXE5PMyX2kCrklhg3rvOsOIfNeAWMQWO2F1GPc1kMD2vLAfw=="
    }
  }
}
