{
  "name": "@phaserjs/dom",
  "version": "0.0.1",
  "lockfileVersion": 1,
  "requires": true,
  "dependencies": {
    "@phaserjs/device": {
      "version": "0.0.1",
      "resolved": "https://registry.npmjs.org/@phaserjs/device/-/device-0.0.1.tgz",
      "integrity": "sha512-pvaNH9E6n29Lr1tRVE7bBXtSmoJF5LZWG0ikdq5PN/IGVds/a0GC1cifVkmw3cWkiu53B4fjefXdA1haD8gWQQ=="
    },
    "typescript": {
      "version": "3.6.2",
      "resolved": "https://registry.npmjs.org/typescript/-/typescript-3.6.2.tgz",
      "integrity": "sha512-lmQ4L+J6mnu3xweP8+rOrUwzmN+MRAj7TgtJtDaXE5PMyX2kCrklhg3rvOsOIfNeAWMQWO2F1GPc1kMD2vLAfw==",
      "dev": true
    }
  }
}
