{
  "name": "@phaserjs/loader",
  "version": "0.0.1",
  "lockfileVersion": 1,
  "requires": true,
  "dependencies": {
    "@phaserjs/loader-filetypes": {
      "version": "0.0.1",
      "resolved": "https://registry.npmjs.org/@phaserjs/loader-filetypes/-/loader-filetypes-0.0.1.tgz",
      "integrity": "sha512-/aKcDAZt7DWJn2AnKYd/TdtqMi56C2Sxw2nNjtbq7IYze6hvtl57y+W4NoGPF/E/R5YtfeCrkmx5Oo1/eDv3rw=="
    },
    "typescript": {
      "version": "3.6.2",
      "resolved": "https://registry.npmjs.org/typescript/-/typescript-3.6.2.tgz",
      "integrity": "sha512-lmQ4L+J6mnu3xweP8+rOrUwzmN+MRAj7TgtJtDaXE5PMyX2kCrklhg3rvOsOIfNeAWMQWO2F1GPc1kMD2vLAfw==",
      "dev": true
    }
  }
}
