{
  "name": "@phaserjs/core",
  "version": "0.0.1",
  "lockfileVersion": 1,
  "requires": true,
  "dependencies": {
    "@phaserjs/device": {
      "version": "0.0.2",
      "resolved": "https://registry.npmjs.org/@phaserjs/device/-/device-0.0.2.tgz",
      "integrity": "sha512-UnjpND3P82hlCoFeFRIr5h2iLVpzhLu0qT3f8pxwAu78penAWvdZy80cb5reRM2ZvIjRXdPVfJN7p14rYV0GFQ=="
    },
    "@phaserjs/dom": {
      "version": "0.0.2",
      "resolved": "https://registry.npmjs.org/@phaserjs/dom/-/dom-0.0.2.tgz",
      "integrity": "sha512-qmpxwsdmzvuPyNGgQwN4DVi5OvDMD6HNSKVCIheo1S1XFPJP7QUlD/BNvglnS/6x1JSwYWDQxcY2svjhuN5vOQ==",
      "requires": {
        "@phaserjs/device": "^0.0.2"
      }
    },
    "typescript": {
      "version": "3.6.2",
      "resolved": "https://registry.npmjs.org/typescript/-/typescript-3.6.2.tgz",
      "integrity": "sha512-lmQ4L+J6mnu3xweP8+rOrUwzmN+MRAj7TgtJtDaXE5PMyX2kCrklhg3rvOsOIfNeAWMQWO2F1GPc1kMD2vLAfw==",
      "dev": true
    }
  }
}
