{
  "name": "@phaserjs/plugin-loader",
  "version": "0.0.0",
  "lockfileVersion": 1,
  "requires": true,
  "dependencies": {
    "@phaserjs/loader": {
      "version": "0.0.2",
      "resolved": "https://registry.npmjs.org/@phaserjs/loader/-/loader-0.0.2.tgz",
      "integrity": "sha512-+2tKptJhAYLo8kQygQEuN5gnQBe8wkjrC41xAlQizTctW0ITAJtxF+bog5F56Y08ZuUQfnto6e/uyKCsx9NWLQ==",
      "requires": {
        "@phaserjs/loader-filetypes": "^0.0.2"
      }
    },
    "@phaserjs/loader-filetypes": {
      "version": "0.0.2",
      "resolved": "https://registry.npmjs.org/@phaserjs/loader-filetypes/-/loader-filetypes-0.0.2.tgz",
      "integrity": "sha512-cDewcTG5coy1wE+1+W7wiQq0BtdjzcIlZvUiVGOOnPOMEq+U4nt0hz7HGgEvzKaSSRvRQs0uJmCxkSbC+VnSRg==",
      "requires": {
        "@phaserjs/loader": "^0.0.2"
      }
    },
    "typescript": {
      "version": "3.6.2",
      "resolved": "https://registry.npmjs.org/typescript/-/typescript-3.6.2.tgz",
      "integrity": "sha512-lmQ4L+J6mnu3xweP8+rOrUwzmN+MRAj7TgtJtDaXE5PMyX2kCrklhg3rvOsOIfNeAWMQWO2F1GPc1kMD2vLAfw=="
    }
  }
}
